<?xml version="1.0" encoding="utf-8"?>
<Project ToolsVersion="4.0" xmlns="http://schemas.microsoft.com/developer/msbuild/2003">
  <ItemGroup>
    <FxCompile Include="Simulation.fx">
      <Filter>Resource Files</Filter>
    </FxCompile>
    <FxCompile Include="Simulation_PS.hlsl">
      <Filter>Resource Files</Filter>
    </FxCompile>
    <FxCompile Include="Simulation_VS.hlsl">
      <Filter>Resource Files</Filter>
    </FxCompile>
  </ItemGroup>
  <ItemGroup>
    <ClCompile Include="D3DFramework.cpp">
      <Filter>Source Files</Filter>
    </ClCompile>
    <ClCompile Include="Scenario.cpp">
      <Filter>Source Files</Filter>
    </ClCompile>
    <ClCompile Include="Simulation.cpp">
      <Filter>Source Files</Filter>
    </ClCompile>
    <ClCompile Include="Bouncing.cpp">
      <Filter>Source Files</Filter>
    </ClCompile>
    <ClCompile Include="Colliding.cpp">
      <Filter>Source Files</Filter>
    </ClCompile>
    <ClCompile Include="ImGui\imgui.cpp">
      <Filter>ImGui Files</Filter>
    </ClCompile>
    <ClCompile Include="ImGui\imgui_demo.cpp">
      <Filter>ImGui Files</Filter>
    </ClCompile>
    <ClCompile Include="ImGui\imgui_draw.cpp">
      <Filter>ImGui Files</Filter>
    </ClCompile>
    <ClCompile Include="ImGui\imgui_tables.cpp">
      <Filter>ImGui Files</Filter>
    </ClCompile>
    <ClCompile Include="ImGui\imgui_widgets.cpp">
      <Filter>ImGui Files</Filter>
    </ClCompile>
    <ClCompile Include="ImGui\backends\imgui_impl_dx11.cpp">
      <Filter>ImGui Files</Filter>
    </ClCompile>
    <ClCompile Include="ImGui\backends\imgui_impl_win32.cpp">
      <Filter>ImGui Files</Filter>
    </ClCompile>
    <ClCompile Include="ShaderManager.cpp">
      <Filter>Source Files</Filter>
    </ClCompile>
    <ClCompile Include="Moving.cpp" />
  </ItemGroup>
  <ItemGroup>
    <ClInclude Include="Resource.h" />
    <ClInclude Include="D3DFramework.h">
      <Filter>Header Files</Filter>
    </ClInclude>
    <ClInclude Include="Scenario.h">
      <Filter>Header Files</Filter>
    </ClInclude>
    <ClInclude Include="Bouncing.h">
      <Filter>Header Files</Filter>
    </ClInclude>
    <ClInclude Include="Colliding.h">
      <Filter>Header Files</Filter>
    </ClInclude>
    <ClInclude Include="NotImplementedException .h">
      <Filter>Header Files</Filter>
    </ClInclude>
    <ClInclude Include="ShaderManager.h">
      <Filter>Header Files</Filter>
    </ClInclude>
    <ClInclude Include="Moving.h" />
  </ItemGroup>
  <ItemGroup>
    <ResourceCompile Include="Simulation.rc" />
  </ItemGroup>
  <ItemGroup>
    <Image Include="Simulation.ico" />
  </ItemGroup>
  <ItemGroup>
    <Filter Include="Header Files">
      <UniqueIdentifier>{cbe2e00b-9ae8-425b-8869-5b05fd64ad02}</UniqueIdentifier>
    </Filter>
    <Filter Include="Resource Files">
      <UniqueIdentifier>{ab329020-f7da-41ef-9b2c-1a2c3fcf4f2a}</UniqueIdentifier>
    </Filter>
    <Filter Include="Source Files">
      <UniqueIdentifier>{ed2462c4-4f29-4c90-bd4d-677f948fd30e}</UniqueIdentifier>
    </Filter>
    <Filter Include="ImGui Files">
      <UniqueIdentifier>{4b5e5b51-0c60-4af2-8992-6462b3e6e055}</UniqueIdentifier>
    </Filter>
  </ItemGroup>
</Project>